// !$*UTF8*$!
{
	archiveVersion = 1;
	classes = {
	};
	objectVersion = 55;
	objects = {

/* Begin PBXBuildFile section */
		47BBA10420692BA35852172B /* Pods_11_SocialLogin.framework in Frameworks */ = {isa = PBXBuildFile; fileRef = 9BA3CB046BD5DE9407CA9AFD /* Pods_11_SocialLogin.framework */; };
		B6C0667027DDC0040021B407 /* AppDelegate.swift in Sources */ = {isa = PBXBuildFile; fileRef = B6C0666F27DDC0040021B407 /* AppDelegate.swift */; };
		B6C0667227DDC0040021B407 /* SceneDelegate.swift in Sources */ = {isa = PBXBuildFile; fileRef = B6C0667127DDC0040021B407 /* SceneDelegate.swift */; };
		B6C0667427DDC0040021B407 /* ViewController.swift in Sources */ = {isa = PBXBuildFile; fileRef = B6C0667327DDC0040021B407 /* ViewController.swift */; };
		B6C0667727DDC0040021B407 /* Main.storyboard in Resources */ = {isa = PBXBuildFile; fileRef = B6C0667527DDC0040021B407 /* Main.storyboard */; };
		B6C0667927DDC0070021B407 /* Assets.xcassets in Resources */ = {isa = PBXBuildFile; fileRef = B6C0667827DDC0070021B407 /* Assets.xcassets */; };
		B6C0667C27DDC0070021B407 /* LaunchScreen.storyboard in Resources */ = {isa = PBXBuildFile; fileRef = B6C0667A27DDC0070021B407 /* LaunchScreen.storyboard */; };
		D47C3B5827E8804E00B0DB34 /* GoogleService-Info.plist in Resources */ = {isa = PBXBuildFile; fileRef = D47C3B5727E8804E00B0DB34 /* GoogleService-Info.plist */; };
		D4D4D03627E332C600A4209C /* LoginUIButton.swift in Sources */ = {isa = PBXBuildFile; fileRef = D4D4D03527E332C500A4209C /* LoginUIButton.swift */; };
		D4D4D03827E3370E00A4209C /* EmailAddViewController.swift in Sources */ = {isa = PBXBuildFile; fileRef = D4D4D03727E3370E00A4209C /* EmailAddViewController.swift */; };
		D4E0203C27E8026500B9FE3D /* MainViewController.swift in Sources */ = {isa = PBXBuildFile; fileRef = D4E0203B27E8026500B9FE3D /* MainViewController.swift */; };
		D4E0203E27E8029800B9FE3D /* TitleUILabel.swift in Sources */ = {isa = PBXBuildFile; fileRef = D4E0203D27E8029700B9FE3D /* TitleUILabel.swift */; };
/* End PBXBuildFile section */

/* Begin PBXFileReference section */
		9BA3CB046BD5DE9407CA9AFD /* Pods_11_SocialLogin.framework */ = {isa = PBXFileReference; explicitFileType = wrapper.framework; includeInIndex = 0; path = Pods_11_SocialLogin.framework; sourceTree = BUILT_PRODUCTS_DIR; };
		B6C0666C27DDC0040021B407 /* 11_SocialLogin.app */ = {isa = PBXFileReference; explicitFileType = wrapper.application; includeInIndex = 0; path = 11_SocialLogin.app; sourceTree = BUILT_PRODUCTS_DIR; };
		B6C0666F27DDC0040021B407 /* AppDelegate.swift */ = {isa = PBXFileReference; lastKnownFileType = sourcecode.swift; path = AppDelegate.swift; sourceTree = "<group>"; };
		B6C0667127DDC0040021B407 /* SceneDelegate.swift */ = {isa = PBXFileReference; lastKnownFileType = sourcecode.swift; path = SceneDelegate.swift; sourceTree = "<group>"; };
		B6C0667327DDC0040021B407 /* ViewController.swift */ = {isa = PBXFileReference; lastKnownFileType = sourcecode.swift; path = ViewController.swift; sourceTree = "<group>"; };
		B6C0667627DDC0040021B407 /* Base */ = {isa = PBXFileReference; lastKnownFileType = file.storyboard; name = Base; path = Base.lproj/Main.storyboard; sourceTree = "<group>"; };
		B6C0667827DDC0070021B407 /* Assets.xcassets */ = {isa = PBXFileReference; lastKnownFileType = folder.assetcatalog; path = Assets.xcassets; sourceTree = "<group>"; };
		B6C0667B27DDC0070021B407 /* Base */ = {isa = PBXFileReference; lastKnownFileType = file.storyboard; name = Base; path = Base.lproj/LaunchScreen.storyboard; sourceTree = "<group>"; };
		B6C0667D27DDC0070021B407 /* Info.plist */ = {isa = PBXFileReference; lastKnownFileType = text.plist.xml; path = Info.plist; sourceTree = "<group>"; };
		D47C3B5727E8804E00B0DB34 /* GoogleService-Info.plist */ = {isa = PBXFileReference; fileEncoding = 4; lastKnownFileType = text.plist.xml; path = "GoogleService-Info.plist"; sourceTree = "<group>"; };
		D4D4D03527E332C500A4209C /* LoginUIButton.swift */ = {isa = PBXFileReference; lastKnownFileType = sourcecode.swift; path = LoginUIButton.swift; sourceTree = "<group>"; };
		D4D4D03727E3370E00A4209C /* EmailAddViewController.swift */ = {isa = PBXFileReference; lastKnownFileType = sourcecode.swift; path = EmailAddViewController.swift; sourceTree = "<group>"; };
		D4E0203B27E8026500B9FE3D /* MainViewController.swift */ = {isa = PBXFileReference; fileEncoding = 4; lastKnownFileType = sourcecode.swift; path = MainViewController.swift; sourceTree = "<group>"; };
		D4E0203D27E8029700B9FE3D /* TitleUILabel.swift */ = {isa = PBXFileReference; fileEncoding = 4; lastKnownFileType = sourcecode.swift; path = TitleUILabel.swift; sourceTree = "<group>"; };
		D73C4F282BF8B2DC801D48A5 /* Pods-11_SocialLogin.debug.xcconfig */ = {isa = PBXFileReference; includeInIndex = 1; lastKnownFileType = text.xcconfig; name = "Pods-11_SocialLogin.debug.xcconfig"; path = "Target Support Files/Pods-11_SocialLogin/Pods-11_SocialLogin.debug.xcconfig"; sourceTree = "<group>"; };
		E8204DD580741E3544D0D693 /* Pods-11_SocialLogin.release.xcconfig */ = {isa = PBXFileReference; includeInIndex = 1; lastKnownFileType = text.xcconfig; name = "Pods-11_SocialLogin.release.xcconfig"; path = "Target Support Files/Pods-11_SocialLogin/Pods-11_SocialLogin.release.xcconfig"; sourceTree = "<group>"; };
/* End PBXFileReference section */

/* Begin PBXFrameworksBuildPhase section */
		B6C0666927DDC0040021B407 /* Frameworks */ = {
			isa = PBXFrameworksBuildPhase;
			buildActionMask = 2147483647;
			files = (
				47BBA10420692BA35852172B /* Pods_11_SocialLogin.framework in Frameworks */,
			);
			runOnlyForDeploymentPostprocessing = 0;
		};
/* End PBXFrameworksBuildPhase section */

/* Begin PBXGroup section */
		648385AF00B95CC102BA78EE /* Frameworks */ = {
			isa = PBXGroup;
			children = (
				9BA3CB046BD5DE9407CA9AFD /* Pods_11_SocialLogin.framework */,
			);
			name = Frameworks;
			sourceTree = "<group>";
		};
		81DC0C3444679F6E0854475E /* Pods */ = {
			isa = PBXGroup;
			children = (
				D73C4F282BF8B2DC801D48A5 /* Pods-11_SocialLogin.debug.xcconfig */,
				E8204DD580741E3544D0D693 /* Pods-11_SocialLogin.release.xcconfig */,
			);
			path = Pods;
			sourceTree = "<group>";
		};
		B6C0666327DDC0030021B407 = {
			isa = PBXGroup;
			children = (
				B6C0666E27DDC0040021B407 /* 11_SocialLogin */,
				B6C0666D27DDC0040021B407 /* Products */,
				81DC0C3444679F6E0854475E /* Pods */,
				648385AF00B95CC102BA78EE /* Frameworks */,
			);
			sourceTree = "<group>";
		};
		B6C0666D27DDC0040021B407 /* Products */ = {
			isa = PBXGroup;
			children = (
				B6C0666C27DDC0040021B407 /* 11_SocialLogin.app */,
			);
			name = Products;
			sourceTree = "<group>";
		};
		B6C0666E27DDC0040021B407 /* 11_SocialLogin */ = {
			isa = PBXGroup;
			children = (
				B6C0666F27DDC0040021B407 /* AppDelegate.swift */,
				B6C0667127DDC0040021B407 /* SceneDelegate.swift */,
				B6C0667327DDC0040021B407 /* ViewController.swift */,
				D4D4D03727E3370E00A4209C /* EmailAddViewController.swift */,
				D4D4D03527E332C500A4209C /* LoginUIButton.swift */,
				D4E0203B27E8026500B9FE3D /* MainViewController.swift */,
				D4E0203D27E8029700B9FE3D /* TitleUILabel.swift */,
				B6C0667527DDC0040021B407 /* Main.storyboard */,
				B6C0667827DDC0070021B407 /* Assets.xcassets */,
				B6C0667A27DDC0070021B407 /* LaunchScreen.storyboard */,
				D47C3B5727E8804E00B0DB34 /* GoogleService-Info.plist */,
				B6C0667D27DDC0070021B407 /* Info.plist */,
			);
			path = 11_SocialLogin;
			sourceTree = "<group>";
		};
/* End PBXGroup section */

/* Begin PBXNativeTarget section */
		B6C0666B27DDC0040021B407 /* 11_SocialLogin */ = {
			isa = PBXNativeTarget;
			buildConfigurationList = B6C0668027DDC0070021B407 /* Build configuration list for PBXNativeTarget "11_SocialLogin" */;
			buildPhases = (
				2DB9BE00D4ED6469542BFE6E /* [CP] Check Pods Manifest.lock */,
				B6C0666827DDC0040021B407 /* Sources */,
				B6C0666927DDC0040021B407 /* Frameworks */,
				B6C0666A27DDC0040021B407 /* Resources */,
				8FDEFD556D6C294AEB51192F /* [CP] Embed Pods Frameworks */,
			);
			buildRules = (
			);
			dependencies = (
			);
			name = 11_SocialLogin;
			productName = 11_SocialLogin;
			productReference = B6C0666C27DDC0040021B407 /* 11_SocialLogin.app */;
			productType = "com.apple.product-type.application";
		};
/* End PBXNativeTarget section */

/* Begin PBXProject section */
		B6C0666427DDC0030021B407 /* Project object */ = {
			isa = PBXProject;
			attributes = {
				BuildIndependentTargetsInParallel = 1;
				LastSwiftUpdateCheck = 1320;
				LastUpgradeCheck = 1320;
				TargetAttributes = {
					B6C0666B27DDC0040021B407 = {
						CreatedOnToolsVersion = 13.2.1;
					};
				};
			};
			buildConfigurationList = B6C0666727DDC0030021B407 /* Build configuration list for PBXProject "11_SocialLogin" */;
			compatibilityVersion = "Xcode 13.0";
			developmentRegion = en;
			hasScannedForEncodings = 0;
			knownRegions = (
				en,
				Base,
			);
			mainGroup = B6C0666327DDC0030021B407;
			productRefGroup = B6C0666D27DDC0040021B407 /* Products */;
			projectDirPath = "";
			projectRoot = "";
			targets = (
				B6C0666B27DDC0040021B407 /* 11_SocialLogin */,
			);
		};
/* End PBXProject section */

/* Begin PBXResourcesBuildPhase section */
		B6C0666A27DDC0040021B407 /* Resources */ = {
			isa = PBXResourcesBuildPhase;
			buildActionMask = 2147483647;
			files = (
				B6C0667C27DDC0070021B407 /* LaunchScreen.storyboard in Resources */,
				B6C0667927DDC0070021B407 /* Assets.xcassets in Resources */,
				B6C0667727DDC0040021B407 /* Main.storyboard in Resources */,
				D47C3B5827E8804E00B0DB34 /* GoogleService-Info.plist in Resources */,
			);
			runOnlyForDeploymentPostprocessing = 0;
		};
/* End PBXResourcesBuildPhase section */

/* Begin PBXShellScriptBuildPhase section */
		2DB9BE00D4ED6469542BFE6E /* [CP] Check Pods Manifest.lock */ = {
			isa = PBXShellScriptBuildPhase;
			buildActionMask = 2147483647;
			files = (
			);
			inputFileListPaths = (
			);
			inputPaths = (
				"${PODS_PODFILE_DIR_PATH}/Podfile.lock",
				"${PODS_ROOT}/Manifest.lock",
			);
			name = "[CP] Check Pods Manifest.lock";
			outputFileListPaths = (
			);
			outputPaths = (
				"$(DERIVED_FILE_DIR)/Pods-11_SocialLogin-checkManifestLockResult.txt",
			);
			runOnlyForDeploymentPostprocessing = 0;
			shellPath = /bin/sh;
			shellScript = "diff \"${PODS_PODFILE_DIR_PATH}/Podfile.lock\" \"${PODS_ROOT}/Manifest.lock\" > /dev/null\nif [ $? != 0 ] ; then\n    # print error to STDERR\n    echo \"error: The sandbox is not in sync with the Podfile.lock. Run 'pod install' or update your CocoaPods installation.\" >&2\n    exit 1\nfi\n# This output is used by Xcode 'outputs' to avoid re-running this script phase.\necho \"SUCCESS\" > \"${SCRIPT_OUTPUT_FILE_0}\"\n";
			showEnvVarsInLog = 0;
		};
		8FDEFD556D6C294AEB51192F /* [CP] Embed Pods Frameworks */ = {
			isa = PBXShellScriptBuildPhase;
			buildActionMask = 2147483647;
			files = (
			);
			inputFileListPaths = (
				"${PODS_ROOT}/Target Support Files/Pods-11_SocialLogin/Pods-11_SocialLogin-frameworks-${CONFIGURATION}-input-files.xcfilelist",
			);
			name = "[CP] Embed Pods Frameworks";
			outputFileListPaths = (
				"${PODS_ROOT}/Target Support Files/Pods-11_SocialLogin/Pods-11_SocialLogin-frameworks-${CONFIGURATION}-output-files.xcfilelist",
			);
			runOnlyForDeploymentPostprocessing = 0;
			shellPath = /bin/sh;
			shellScript = "\"${PODS_ROOT}/Target Support Files/Pods-11_SocialLogin/Pods-11_SocialLogin-frameworks.sh\"\n";
			showEnvVarsInLog = 0;
		};
/* End PBXShellScriptBuildPhase section */

/* Begin PBXSourcesBuildPhase section */
		B6C0666827DDC0040021B407 /* Sources */ = {
			isa = PBXSourcesBuildPhase;
			buildActionMask = 2147483647;
			files = (
				D4D4D03827E3370E00A4209C /* EmailAddViewController.swift in Sources */,
				B6C0667427DDC0040021B407 /* ViewController.swift in Sources */,
				D4D4D03627E332C600A4209C /* LoginUIButton.swift in Sources */,
				D4E0203C27E8026500B9FE3D /* MainViewController.swift in Sources */,
				B6C0667027DDC0040021B407 /* AppDelegate.swift in Sources */,
				D4E0203E27E8029800B9FE3D /* TitleUILabel.swift in Sources */,
				B6C0667227DDC0040021B407 /* SceneDelegate.swift in Sources */,
			);
			runOnlyForDeploymentPostprocessing = 0;
		};
/* End PBXSourcesBuildPhase section */

/* Begin PBXVariantGroup section */
		B6C0667527DDC0040021B407 /* Main.storyboard */ = {
			isa = PBXVariantGroup;
			children = (
				B6C0667627DDC0040021B407 /* Base */,
			);
			name = Main.storyboard;
			sourceTree = "<group>";
		};
		B6C0667A27DDC0070021B407 /* LaunchScreen.storyboard */ = {
			isa = PBXVariantGroup;
			children = (
				B6C0667B27DDC0070021B407 /* Base */,
			);
			name = LaunchScreen.storyboard;
			sourceTree = "<group>";
		};
/* End PBXVariantGroup section */

/* Begin XCBuildConfiguration section */
		B6C0667E27DDC0070021B407 /* Debug */ = {
			isa = XCBuildConfiguration;
			buildSettings = {
				ALWAYS_SEARCH_USER_PATHS = NO;
				CLANG_ANALYZER_NONNULL = YES;
				CLANG_ANALYZER_NUMBER_OBJECT_CONVERSION = YES_AGGRESSIVE;
				CLANG_CXX_LANGUAGE_STANDARD = "gnu++17";
				CLANG_CXX_LIBRARY = "libc++";
				CLANG_ENABLE_MODULES = YES;
				CLANG_ENABLE_OBJC_ARC = YES;
				CLANG_ENABLE_OBJC_WEAK = YES;
				CLANG_WARN_BLOCK_CAPTURE_AUTORELEASING = YES;
				CLANG_WARN_BOOL_CONVERSION = YES;
				CLANG_WARN_COMMA = YES;
				CLANG_WARN_CONSTANT_CONVERSION = YES;
				CLANG_WARN_DEPRECATED_OBJC_IMPLEMENTATIONS = YES;
				CLANG_WARN_DIRECT_OBJC_ISA_USAGE = YES_ERROR;
				CLANG_WARN_DOCUMENTATION_COMMENTS = YES;
				CLANG_WARN_EMPTY_BODY = YES;
				CLANG_WARN_ENUM_CONVERSION = YES;
				CLANG_WARN_INFINITE_RECURSION = YES;
				CLANG_WARN_INT_CONVERSION = YES;
				CLANG_WARN_NON_LITERAL_NULL_CONVERSION = YES;
				CLANG_WARN_OBJC_IMPLICIT_RETAIN_SELF = YES;
				CLANG_WARN_OBJC_LITERAL_CONVERSION = YES;
				CLANG_WARN_OBJC_ROOT_CLASS = YES_ERROR;
				CLANG_WARN_QUOTED_INCLUDE_IN_FRAMEWORK_HEADER = YES;
				CLANG_WARN_RANGE_LOOP_ANALYSIS = YES;
				CLANG_WARN_STRICT_PROTOTYPES = YES;
				CLANG_WARN_SUSPICIOUS_MOVE = YES;
				CLANG_WARN_UNGUARDED_AVAILABILITY = YES_AGGRESSIVE;
				CLANG_WARN_UNREACHABLE_CODE = YES;
				CLANG_WARN__DUPLICATE_METHOD_MATCH = YES;
				COPY_PHASE_STRIP = NO;
				DEBUG_INFORMATION_FORMAT = dwarf;
				ENABLE_STRICT_OBJC_MSGSEND = YES;
				ENABLE_TESTABILITY = YES;
				GCC_C_LANGUAGE_STANDARD = gnu11;
				GCC_DYNAMIC_NO_PIC = NO;
				GCC_NO_COMMON_BLOCKS = YES;
				GCC_OPTIMIZATION_LEVEL = 0;
				GCC_PREPROCESSOR_DEFINITIONS = (
					"DEBUG=1",
					"$(inherited)",
				);
				GCC_WARN_64_TO_32_BIT_CONVERSION = YES;
				GCC_WARN_ABOUT_RETURN_TYPE = YES_ERROR;
				GCC_WARN_UNDECLARED_SELECTOR = YES;
				GCC_WARN_UNINITIALIZED_AUTOS = YES_AGGRESSIVE;
				GCC_WARN_UNUSED_FUNCTION = YES;
				GCC_WARN_UNUSED_VARIABLE = YES;
				IPHONEOS_DEPLOYMENT_TARGET = 15.2;
				MTL_ENABLE_DEBUG_INFO = INCLUDE_SOURCE;
				MTL_FAST_MATH = YES;
				ONLY_ACTIVE_ARCH = YES;
				SDKROOT = iphoneos;
				SWIFT_ACTIVE_COMPILATION_CONDITIONS = DEBUG;
				SWIFT_OPTIMIZATION_LEVEL = "-Onone";
			};
			name = Debug;
		};
		B6C0667F27DDC0070021B407 /* Release */ = {
			isa = XCBuildConfiguration;
			buildSettings = {
				ALWAYS_SEARCH_USER_PATHS = NO;
				CLANG_ANALYZER_NONNULL = YES;
				CLANG_ANALYZER_NUMBER_OBJECT_CONVERSION = YES_AGGRESSIVE;
				CLANG_CXX_LANGUAGE_STANDARD = "gnu++17";
				CLANG_CXX_LIBRARY = "libc++";
				CLANG_ENABLE_MODULES = YES;
				CLANG_ENABLE_OBJC_ARC = YES;
				CLANG_ENABLE_OBJC_WEAK = YES;
				CLANG_WARN_BLOCK_CAPTURE_AUTORELEASING = YES;
				CLANG_WARN_BOOL_CONVERSION = YES;
				CLANG_WARN_COMMA = YES;
				CLANG_WARN_CONSTANT_CONVERSION = YES;
				CLANG_WARN_DEPRECATED_OBJC_IMPLEMENTATIONS = YES;
				CLANG_WARN_DIRECT_OBJC_ISA_USAGE = YES_ERROR;
				CLANG_WARN_DOCUMENTATION_COMMENTS = YES;
				CLANG_WARN_EMPTY_BODY = YES;
				CLANG_WARN_ENUM_CONVERSION = YES;
				CLANG_WARN_INFINITE_RECURSION = YES;
				CLANG_WARN_INT_CONVERSION = YES;
				CLANG_WARN_NON_LITERAL_NULL_CONVERSION = YES;
				CLANG_WARN_OBJC_IMPLICIT_RETAIN_SELF = YES;
				CLANG_WARN_OBJC_LITERAL_CONVERSION = YES;
				CLANG_WARN_OBJC_ROOT_CLASS = YES_ERROR;
				CLANG_WARN_QUOTED_INCLUDE_IN_FRAMEWORK_HEADER = YES;
				CLANG_WARN_RANGE_LOOP_ANALYSIS = YES;
				CLANG_WARN_STRICT_PROTOTYPES = YES;
				CLANG_WARN_SUSPICIOUS_MOVE = YES;
				CLANG_WARN_UNGUARDED_AVAILABILITY = YES_AGGRESSIVE;
				CLANG_WARN_UNREACHABLE_CODE = YES;
				CLANG_WARN__DUPLICATE_METHOD_MATCH = YES;
				COPY_PHASE_STRIP = NO;
				DEBUG_INFORMATION_FORMAT = "dwarf-with-dsym";
				ENABLE_NS_ASSERTIONS = NO;
				ENABLE_STRICT_OBJC_MSGSEND = YES;
				GCC_C_LANGUAGE_STANDARD = gnu11;
				GCC_NO_COMMON_BLOCKS = YES;
				GCC_WARN_64_TO_32_BIT_CONVERSION = YES;
				GCC_WARN_ABOUT_RETURN_TYPE = YES_ERROR;
				GCC_WARN_UNDECLARED_SELECTOR = YES;
				GCC_WARN_UNINITIALIZED_AUTOS = YES_AGGRESSIVE;
				GCC_WARN_UNUSED_FUNCTION = YES;
				GCC_WARN_UNUSED_VARIABLE = YES;
				IPHONEOS_DEPLOYMENT_TARGET = 15.2;
				MTL_ENABLE_DEBUG_INFO = NO;
				MTL_FAST_MATH = YES;
				SDKROOT = iphoneos;
				SWIFT_COMPILATION_MODE = wholemodule;
				SWIFT_OPTIMIZATION_LEVEL = "-O";
				VALIDATE_PRODUCT = YES;
			};
			name = Release;
		};
		B6C0668127DDC0070021B407 /* Debug */ = {
			isa = XCBuildConfiguration;
			baseConfigurationReference = D73C4F282BF8B2DC801D48A5 /* Pods-11_SocialLogin.debug.xcconfig */;
			buildSettings = {
				ASSETCATALOG_COMPILER_APPICON_NAME = AppIcon;
				ASSETCATALOG_COMPILER_GLOBAL_ACCENT_COLOR_NAME = AccentColor;
				CODE_SIGN_STYLE = Automatic;
				CURRENT_PROJECT_VERSION = 1;
				DEVELOPMENT_TEAM = "";
				GENERATE_INFOPLIST_FILE = YES;
				INFOPLIST_FILE = 11_SocialLogin/Info.plist;
				INFOPLIST_KEY_UIApplicationSupportsIndirectInputEvents = YES;
				INFOPLIST_KEY_UILaunchStoryboardName = LaunchScreen;
				INFOPLIST_KEY_UIMainStoryboardFile = Main;
				INFOPLIST_KEY_UISupportedInterfaceOrientations_iPad = "UIInterfaceOrientationPortrait UIInterfaceOrientationPortraitUpsideDown UIInterfaceOrientationLandscapeLeft UIInterfaceOrientationLandscapeRight";
				INFOPLIST_KEY_UISupportedInterfaceOrientations_iPhone = "UIInterfaceOrientationPortrait UIInterfaceOrientationLandscapeLeft UIInterfaceOrientationLandscapeRight";
				LD_RUNPATH_SEARCH_PATHS = (
					"$(inherited)",
					"@executable_path/Frameworks",
				);
				MARKETING_VERSION = 1.0;
				PRODUCT_BUNDLE_IDENTIFIER = "YSLee-1-SocialLogin";
				PRODUCT_NAME = "$(TARGET_NAME)";
				SWIFT_EMIT_LOC_STRINGS = YES;
				SWIFT_VERSION = 5.0;
				TARGETED_DEVICE_FAMILY = "1,2";
			};
			name = Debug;
		};
		B6C0668227DDC0070021B407 /* Release */ = {
			isa = XCBuildConfiguration;
			baseConfigurationReference = E8204DD580741E3544D0D693 /* Pods-11_SocialLogin.release.xcconfig */;
			buildSettings = {
				ASSETCATALOG_COMPILER_APPICON_NAME = AppIcon;
				ASSETCATALOG_COMPILER_GLOBAL_ACCENT_COLOR_NAME = AccentColor;
				CODE_SIGN_STYLE = Automatic;
				CURRENT_PROJECT_VERSION = 1;
				DEVELOPMENT_TEAM = "";
				GENERATE_INFOPLIST_FILE = YES;
				INFOPLIST_FILE = 11_SocialLogin/Info.plist;
				INFOPLIST_KEY_UIApplicationSupportsIndirectInputEvents = YES;
				INFOPLIST_KEY_UILaunchStoryboardName = LaunchScreen;
				INFOPLIST_KEY_UIMainStoryboardFile = Main;
				INFOPLIST_KEY_UISupportedInterfaceOrientations_iPad = "UIInterfaceOrientationPortrait UIInterfaceOrientationPortraitUpsideDown UIInterfaceOrientationLandscapeLeft UIInterfaceOrientationLandscapeRight";
				INFOPLIST_KEY_UISupportedInterfaceOrientations_iPhone = "UIInterfaceOrientationPortrait UIInterfaceOrientationLandscapeLeft UIInterfaceOrientationLandscapeRight";
				LD_RUNPATH_SEARCH_PATHS = (
					"$(inherited)",
					"@executable_path/Frameworks",
				);
				MARKETING_VERSION = 1.0;
				PRODUCT_BUNDLE_IDENTIFIER = "YSLee-1-SocialLogin";
				PRODUCT_NAME = "$(TARGET_NAME)";
				SWIFT_EMIT_LOC_STRINGS = YES;
				SWIFT_VERSION = 5.0;
				TARGETED_DEVICE_FAMILY = "1,2";
			};
			name = Release;
		};
/* End XCBuildConfiguration section */

/* Begin XCConfigurationList section */
		B6C0666727DDC0030021B407 /* Build configuration list for PBXProject "11_SocialLogin" */ = {
			isa = XCConfigurationList;
			buildConfigurations = (
				B6C0667E27DDC0070021B407 /* Debug */,
				B6C0667F27DDC0070021B407 /* Release */,
			);
			defaultConfigurationIsVisible = 0;
			defaultConfigurationName = Release;
		};
		B6C0668027DDC0070021B407 /* Build configuration list for PBXNativeTarget "11_SocialLogin" */ = {
			isa = XCConfigurationList;
			buildConfigurations = (
				B6C0668127DDC0070021B407 /* Debug */,
				B6C0668227DDC0070021B407 /* Release */,
			);
			defaultConfigurationIsVisible = 0;
			defaultConfigurationName = Release;
		};
/* End XCConfigurationList section */
	};
	rootObject = B6C0666427DDC0030021B407 /* Project object */;
}
